github.com/coder/websocket v1.8.14 h1:9L0p0iKiNOibykf283eHkKUHHrpG7f65OE3BhhO7v9g=
github.com/coder/websocket v1.8.14/go.mod h1:NX3SzP+inril6yawo5CQXx8+fk145lPDC6pumgx0mVg=
github.com/joho/godotenv v1.5.1 h1:7eLL/+HRGLY0ldzfGMeQkb7vMd0as4CfYvUVzLqw0N0=
github.com/joho/godotenv v1.5.1/go.mod h1:f4LDr5Voq0i2e/R5DDNOoa2zzDfwtkZa6DnEwAbqwq4=
github.com/sikigasa/discord-api-go v0.0.0-20260313165726-be1915894c7c h1:OFIPaQKUwUz/iVKsZyhUR05Pux6bj8a3D+VkRff0ooQ=
github.com/sikigasa/discord-api-go v0.0.0-20260313165726-be1915894c7c/go.mod h1:pPRDuMY7IBuValGOt7iGC7eQ1FU/QMwUayZ6mxQkGrI=
